// !$*UTF8*$!
{
	archiveVersion = 1;
	classes = {
	};
	objectVersion = 46;
	objects = {

/* Begin PBXBuildFile section */
		8B1426D71D6613CF002D3CEB /* AppDelegate.swift in Sources */ = {isa = PBXBuildFile; fileRef = 8B1426D61D6613CF002D3CEB /* AppDelegate.swift */; };
		8B1426D91D6613CF002D3CEB /* ViewController.swift in Sources */ = {isa = PBXBuildFile; fileRef = 8B1426D81D6613CF002D3CEB /* ViewController.swift */; };
		8B1426DC1D6613CF002D3CEB /* Main.storyboard in Resources */ = {isa = PBXBuildFile; fileRef = 8B1426DA1D6613CF002D3CEB /* Main.storyboard */; };
		8B1426DF1D6613CF002D3CEB /* LGS.xcdatamodeld in Sources */ = {isa = PBXBuildFile; fileRef = 8B1426DD1D6613CF002D3CEB /* LGS.xcdatamodeld */; };
		8B1426E11D6613CF002D3CEB /* Assets.xcassets in Resources */ = {isa = PBXBuildFile; fileRef = 8B1426E01D6613CF002D3CEB /* Assets.xcassets */; };
		8B1426E41D6613CF002D3CEB /* LaunchScreen.storyboard in Resources */ = {isa = PBXBuildFile; fileRef = 8B1426E21D6613CF002D3CEB /* LaunchScreen.storyboard */; };
		8B1427011D661786002D3CEB /* TableViewCell.swift in Sources */ = {isa = PBXBuildFile; fileRef = 8B1427001D661786002D3CEB /* TableViewCell.swift */; };
		8B1427031D6618E5002D3CEB /* TableDataSource.swift in Sources */ = {isa = PBXBuildFile; fileRef = 8B1427021D6618E5002D3CEB /* TableDataSource.swift */; };
		8B1427051D66198D002D3CEB /* AddDataViewController.swift in Sources */ = {isa = PBXBuildFile; fileRef = 8B1427041D66198D002D3CEB /* AddDataViewController.swift */; };
		8B14272F1D66283B002D3CEB /* Leadership.swift in Sources */ = {isa = PBXBuildFile; fileRef = 8B1427271D66283B002D3CEB /* Leadership.swift */; };
		8B1427311D66283B002D3CEB /* CoWorker.swift in Sources */ = {isa = PBXBuildFile; fileRef = 8B1427291D66283B002D3CEB /* CoWorker.swift */; };
		8B1427331D66283B002D3CEB /* Corporate.swift in Sources */ = {isa = PBXBuildFile; fileRef = 8B14272B1D66283B002D3CEB /* Corporate.swift */; };
		8B1427351D66283B002D3CEB /* Bookkeeping.swift in Sources */ = {isa = PBXBuildFile; fileRef = 8B14272D1D66283B002D3CEB /* Bookkeeping.swift */; };
		8B8D44371D6660D3001BEAEC /* EditDataViewController.swift in Sources */ = {isa = PBXBuildFile; fileRef = 8B8D44361D6660D3001BEAEC /* EditDataViewController.swift */; };
		8B8D44391D6670FC001BEAEC /* AddEditView.swift in Sources */ = {isa = PBXBuildFile; fileRef = 8B8D44381D6670FC001BEAEC /* AddEditView.swift */; };
/* End PBXBuildFile section */

/* Begin PBXFileReference section */
		8B1426D31D6613CE002D3CEB /* LGS.app */ = {isa = PBXFileReference; explicitFileType = wrapper.application; includeInIndex = 0; path = LGS.app; sourceTree = BUILT_PRODUCTS_DIR; };
		8B1426D61D6613CF002D3CEB /* AppDelegate.swift */ = {isa = PBXFileReference; lastKnownFileType = sourcecode.swift; path = AppDelegate.swift; sourceTree = "<group>"; };
		8B1426D81D6613CF002D3CEB /* ViewController.swift */ = {isa = PBXFileReference; lastKnownFileType = sourcecode.swift; path = ViewController.swift; sourceTree = "<group>"; };
		8B1426DB1D6613CF002D3CEB /* Base */ = {isa = PBXFileReference; lastKnownFileType = file.storyboard; name = Base; path = Base.lproj/Main.storyboard; sourceTree = "<group>"; };
		8B1426DE1D6613CF002D3CEB /* LGS.xcdatamodel */ = {isa = PBXFileReference; lastKnownFileType = wrapper.xcdatamodel; path = LGS.xcdatamodel; sourceTree = "<group>"; };
		8B1426E01D6613CF002D3CEB /* Assets.xcassets */ = {isa = PBXFileReference; lastKnownFileType = folder.assetcatalog; path = Assets.xcassets; sourceTree = "<group>"; };
		8B1426E31D6613CF002D3CEB /* Base */ = {isa = PBXFileReference; lastKnownFileType = file.storyboard; name = Base; path = Base.lproj/LaunchScreen.storyboard; sourceTree = "<group>"; };
		8B1426E51D6613CF002D3CEB /* Info.plist */ = {isa = PBXFileReference; lastKnownFileType = text.plist.xml; path = Info.plist; sourceTree = "<group>"; };
		8B1427001D661786002D3CEB /* TableViewCell.swift */ = {isa = PBXFileReference; fileEncoding = 4; lastKnownFileType = sourcecode.swift; name = TableViewCell.swift; path = View/TableViewCell.swift; sourceTree = "<group>"; };
		8B1427021D6618E5002D3CEB /* TableDataSource.swift */ = {isa = PBXFileReference; fileEncoding = 4; lastKnownFileType = sourcecode.swift; name = TableDataSource.swift; path = DataSource/TableDataSource.swift; sourceTree = "<group>"; };
		8B1427041D66198D002D3CEB /* AddDataViewController.swift */ = {isa = PBXFileReference; fileEncoding = 4; lastKnownFileType = sourcecode.swift; name = AddDataViewController.swift; path = Controller/AddDataViewController.swift; sourceTree = "<group>"; };
		8B1427271D66283B002D3CEB /* Leadership.swift */ = {isa = PBXFileReference; fileEncoding = 4; lastKnownFileType = sourcecode.swift; path = Leadership.swift; sourceTree = "<group>"; };
		8B1427291D66283B002D3CEB /* CoWorker.swift */ = {isa = PBXFileReference; fileEncoding = 4; lastKnownFileType = sourcecode.swift; path = CoWorker.swift; sourceTree = "<group>"; };
		8B14272B1D66283B002D3CEB /* Corporate.swift */ = {isa = PBXFileReference; fileEncoding = 4; lastKnownFileType = sourcecode.swift; path = Corporate.swift; sourceTree = "<group>"; };
		8B14272D1D66283B002D3CEB /* Bookkeeping.swift */ = {isa = PBXFileReference; fileEncoding = 4; lastKnownFileType = sourcecode.swift; path = Bookkeeping.swift; sourceTree = "<group>"; };
		8B8D44361D6660D3001BEAEC /* EditDataViewController.swift */ = {isa = PBXFileReference; fileEncoding = 4; lastKnownFileType = sourcecode.swift; path = EditDataViewController.swift; sourceTree = "<group>"; };
		8B8D44381D6670FC001BEAEC /* AddEditView.swift */ = {isa = PBXFileReference; fileEncoding = 4; lastKnownFileType = sourcecode.swift; path = AddEditView.swift; sourceTree = "<group>"; };
/* End PBXFileReference section */

/* Begin PBXFrameworksBuildPhase section */
		8B1426D01D6613CE002D3CEB /* Frameworks */ = {
			isa = PBXFrameworksBuildPhase;
			buildActionMask = 2147483647;
			files = (
			);
			runOnlyForDeploymentPostprocessing = 0;
		};
/* End PBXFrameworksBuildPhase section */

/* Begin PBXGroup section */
		8B1426CA1D6613CE002D3CEB = {
			isa = PBXGroup;
			children = (
				8B1426D51D6613CF002D3CEB /* LGS */,
				8B1426D41D6613CE002D3CEB /* Products */,
			);
			sourceTree = "<group>";
		};
		8B1426D41D6613CE002D3CEB /* Products */ = {
			isa = PBXGroup;
			children = (
				8B1426D31D6613CE002D3CEB /* LGS.app */,
			);
			name = Products;
			sourceTree = "<group>";
		};
		8B1426D51D6613CF002D3CEB /* LGS */ = {
			isa = PBXGroup;
			children = (
				8B1426FB1D66164E002D3CEB /* Model */,
				8B1426FD1D66171E002D3CEB /* View */,
				8B1426FE1D661722002D3CEB /* Controller */,
				8B1426FF1D66172C002D3CEB /* DataSource */,
				8B1426D61D6613CF002D3CEB /* AppDelegate.swift */,
				8B1426DA1D6613CF002D3CEB /* Main.storyboard */,
				8B1426E01D6613CF002D3CEB /* Assets.xcassets */,
				8B1426E21D6613CF002D3CEB /* LaunchScreen.storyboard */,
				8B1426E51D6613CF002D3CEB /* Info.plist */,
				8B1426DD1D6613CF002D3CEB /* LGS.xcdatamodeld */,
			);
			path = LGS;
			sourceTree = "<group>";
		};
		8B1426FB1D66164E002D3CEB /* Model */ = {
			isa = PBXGroup;
			children = (
				8B1426FC1D6616A3002D3CEB /* Employees */,
			);
			name = Model;
			sourceTree = "<group>";
		};
		8B1426FC1D6616A3002D3CEB /* Employees */ = {
			isa = PBXGroup;
			children = (
				8B1427271D66283B002D3CEB /* Leadership.swift */,
				8B1427291D66283B002D3CEB /* CoWorker.swift */,
				8B14272B1D66283B002D3CEB /* Corporate.swift */,
				8B14272D1D66283B002D3CEB /* Bookkeeping.swift */,
			);
			name = Employees;
			sourceTree = "<group>";
		};
		8B1426FD1D66171E002D3CEB /* View */ = {
			isa = PBXGroup;
			children = (
				8B1427001D661786002D3CEB /* TableViewCell.swift */,
				8B8D44381D6670FC001BEAEC /* AddEditView.swift */,
			);
			name = View;
			sourceTree = "<group>";
		};
		8B1426FE1D661722002D3CEB /* Controller */ = {
			isa = PBXGroup;
			children = (
				8B1426D81D6613CF002D3CEB /* ViewController.swift */,
				8B1427041D66198D002D3CEB /* AddDataViewController.swift */,
				8B8D44361D6660D3001BEAEC /* EditDataViewController.swift */,
			);
			name = Controller;
			sourceTree = "<group>";
		};
		8B1426FF1D66172C002D3CEB /* DataSource */ = {
			isa = PBXGroup;
			children = (
				8B1427021D6618E5002D3CEB /* TableDataSource.swift */,
			);
			name = DataSource;
			sourceTree = "<group>";
		};
/* End PBXGroup section */

/* Begin PBXNativeTarget section */
		8B1426D21D6613CE002D3CEB /* LGS */ = {
			isa = PBXNativeTarget;
			buildConfigurationList = 8B1426E81D6613CF002D3CEB /* Build configuration list for PBXNativeTarget "LGS" */;
			buildPhases = (
				8B1426CF1D6613CE002D3CEB /* Sources */,
				8B1426D01D6613CE002D3CEB /* Frameworks */,
				8B1426D11D6613CE002D3CEB /* Resources */,
			);
			buildRules = (
			);
			dependencies = (
			);
			name = LGS;
			productName = LGS;
			productReference = 8B1426D31D6613CE002D3CEB /* LGS.app */;
			productType = "com.apple.product-type.application";
		};
/* End PBXNativeTarget section */

/* Begin PBXProject section */
		8B1426CB1D6613CE002D3CEB /* Project object */ = {
			isa = PBXProject;
			attributes = {
				LastSwiftUpdateCheck = 0730;
				LastUpgradeCheck = 0730;
				ORGANIZATIONNAME = ErikVildanov;
				TargetAttributes = {
					8B1426D21D6613CE002D3CEB = {
						CreatedOnToolsVersion = 7.3.1;
						DevelopmentTeam = D423L8TC7V;
					};
				};
			};
			buildConfigurationList = 8B1426CE1D6613CE002D3CEB /* Build configuration list for PBXProject "LGS" */;
			compatibilityVersion = "Xcode 3.2";
			developmentRegion = English;
			hasScannedForEncodings = 0;
			knownRegions = (
				en,
				Base,
			);
			mainGroup = 8B1426CA1D6613CE002D3CEB;
			productRefGroup = 8B1426D41D6613CE002D3CEB /* Products */;
			projectDirPath = "";
			projectRoot = "";
			targets = (
				8B1426D21D6613CE002D3CEB /* LGS */,
			);
		};
/* End PBXProject section */

/* Begin PBXResourcesBuildPhase section */
		8B1426D11D6613CE002D3CEB /* Resources */ = {
			isa = PBXResourcesBuildPhase;
			buildActionMask = 2147483647;
			files = (
				8B1426E41D6613CF002D3CEB /* LaunchScreen.storyboard in Resources */,
				8B1426E11D6613CF002D3CEB /* Assets.xcassets in Resources */,
				8B1426DC1D6613CF002D3CEB /* Main.storyboard in Resources */,
			);
			runOnlyForDeploymentPostprocessing = 0;
		};
/* End PBXResourcesBuildPhase section */

/* Begin PBXSourcesBuildPhase section */
		8B1426CF1D6613CE002D3CEB /* Sources */ = {
			isa = PBXSourcesBuildPhase;
			buildActionMask = 2147483647;
			files = (
				8B1427011D661786002D3CEB /* TableViewCell.swift in Sources */,
				8B1427331D66283B002D3CEB /* Corporate.swift in Sources */,
				8B1427351D66283B002D3CEB /* Bookkeeping.swift in Sources */,
				8B8D44371D6660D3001BEAEC /* EditDataViewController.swift in Sources */,
				8B1426D91D6613CF002D3CEB /* ViewController.swift in Sources */,
				8B1427051D66198D002D3CEB /* AddDataViewController.swift in Sources */,
				8B8D44391D6670FC001BEAEC /* AddEditView.swift in Sources */,
				8B14272F1D66283B002D3CEB /* Leadership.swift in Sources */,
				8B1426DF1D6613CF002D3CEB /* LGS.xcdatamodeld in Sources */,
				8B1427311D66283B002D3CEB /* CoWorker.swift in Sources */,
				8B1427031D6618E5002D3CEB /* TableDataSource.swift in Sources */,
				8B1426D71D6613CF002D3CEB /* AppDelegate.swift in Sources */,
			);
			runOnlyForDeploymentPostprocessing = 0;
		};
/* End PBXSourcesBuildPhase section */

/* Begin PBXVariantGroup section */
		8B1426DA1D6613CF002D3CEB /* Main.storyboard */ = {
			isa = PBXVariantGroup;
			children = (
				8B1426DB1D6613CF002D3CEB /* Base */,
			);
			name = Main.storyboard;
			sourceTree = "<group>";
		};
		8B1426E21D6613CF002D3CEB /* LaunchScreen.storyboard */ = {
			isa = PBXVariantGroup;
			children = (
				8B1426E31D6613CF002D3CEB /* Base */,
			);
			name = LaunchScreen.storyboard;
			sourceTree = "<group>";
		};
/* End PBXVariantGroup section */

/* Begin XCBuildConfiguration section */
		8B1426E61D6613CF002D3CEB /* Debug */ = {
			isa = XCBuildConfiguration;
			buildSettings = {
				ALWAYS_SEARCH_USER_PATHS = NO;
				CLANG_ANALYZER_NONNULL = YES;
				CLANG_CXX_LANGUAGE_STANDARD = "gnu++0x";
				CLANG_CXX_LIBRARY = "libc++";
				CLANG_ENABLE_MODULES = YES;
				CLANG_ENABLE_OBJC_ARC = YES;
				CLANG_WARN_BOOL_CONVERSION = YES;
				CLANG_WARN_CONSTANT_CONVERSION = YES;
				CLANG_WARN_DIRECT_OBJC_ISA_USAGE = YES_ERROR;
				CLANG_WARN_EMPTY_BODY = YES;
				CLANG_WARN_ENUM_CONVERSION = YES;
				CLANG_WARN_INT_CONVERSION = YES;
				CLANG_WARN_OBJC_ROOT_CLASS = YES_ERROR;
				CLANG_WARN_UNREACHABLE_CODE = YES;
				CLANG_WARN__DUPLICATE_METHOD_MATCH = YES;
				"CODE_SIGN_IDENTITY[sdk=iphoneos*]" = "iPhone Developer";
				COPY_PHASE_STRIP = NO;
				DEBUG_INFORMATION_FORMAT = dwarf;
				ENABLE_STRICT_OBJC_MSGSEND = YES;
				ENABLE_TESTABILITY = YES;
				GCC_C_LANGUAGE_STANDARD = gnu99;
				GCC_DYNAMIC_NO_PIC = NO;
				GCC_NO_COMMON_BLOCKS = YES;
				GCC_OPTIMIZATION_LEVEL = 0;
				GCC_PREPROCESSOR_DEFINITIONS = (
					"DEBUG=1",
					"$(inherited)",
				);
				GCC_WARN_64_TO_32_BIT_CONVERSION = YES;
				GCC_WARN_ABOUT_RETURN_TYPE = YES_ERROR;
				GCC_WARN_UNDECLARED_SELECTOR = YES;
				GCC_WARN_UNINITIALIZED_AUTOS = YES_AGGRESSIVE;
				GCC_WARN_UNUSED_FUNCTION = YES;
				GCC_WARN_UNUSED_VARIABLE = YES;
				IPHONEOS_DEPLOYMENT_TARGET = 9.3;
				MTL_ENABLE_DEBUG_INFO = YES;
				ONLY_ACTIVE_ARCH = YES;
				SDKROOT = iphoneos;
				SWIFT_OPTIMIZATION_LEVEL = "-Onone";
			};
			name = Debug;
		};
		8B1426E71D6613CF002D3CEB /* Release */ = {
			isa = XCBuildConfiguration;
			buildSettings = {
				ALWAYS_SEARCH_USER_PATHS = NO;
				CLANG_ANALYZER_NONNULL = YES;
				CLANG_CXX_LANGUAGE_STANDARD = "gnu++0x";
				CLANG_CXX_LIBRARY = "libc++";
				CLANG_ENABLE_MODULES = YES;
				CLANG_ENABLE_OBJC_ARC = YES;
				CLANG_WARN_BOOL_CONVERSION = YES;
				CLANG_WARN_CONSTANT_CONVERSION = YES;
				CLANG_WARN_DIRECT_OBJC_ISA_USAGE = YES_ERROR;
				CLANG_WARN_EMPTY_BODY = YES;
				CLANG_WARN_ENUM_CONVERSION = YES;
				CLANG_WARN_INT_CONVERSION = YES;
				CLANG_WARN_OBJC_ROOT_CLASS = YES_ERROR;
				CLANG_WARN_UNREACHABLE_CODE = YES;
				CLANG_WARN__DUPLICATE_METHOD_MATCH = YES;
				"CODE_SIGN_IDENTITY[sdk=iphoneos*]" = "iPhone Developer";
				COPY_PHASE_STRIP = NO;
				DEBUG_INFORMATION_FORMAT = "dwarf-with-dsym";
				ENABLE_NS_ASSERTIONS = NO;
				ENABLE_STRICT_OBJC_MSGSEND = YES;
				GCC_C_LANGUAGE_STANDARD = gnu99;
				GCC_NO_COMMON_BLOCKS = YES;
				GCC_WARN_64_TO_32_BIT_CONVERSION = YES;
				GCC_WARN_ABOUT_RETURN_TYPE = YES_ERROR;
				GCC_WARN_UNDECLARED_SELECTOR = YES;
				GCC_WARN_UNINITIALIZED_AUTOS = YES_AGGRESSIVE;
				GCC_WARN_UNUSED_FUNCTION = YES;
				GCC_WARN_UNUSED_VARIABLE = YES;
				IPHONEOS_DEPLOYMENT_TARGET = 9.3;
				MTL_ENABLE_DEBUG_INFO = NO;
				SDKROOT = iphoneos;
				VALIDATE_PRODUCT = YES;
			};
			name = Release;
		};
		8B1426E91D6613CF002D3CEB /* Debug */ = {
			isa = XCBuildConfiguration;
			buildSettings = {
				ASSETCATALOG_COMPILER_APPICON_NAME = AppIcon;
				INFOPLIST_FILE = LGS/Info.plist;
				LD_RUNPATH_SEARCH_PATHS = "$(inherited) @executable_path/Frameworks";
				PRODUCT_BUNDLE_IDENTIFIER = BOTcompany.LGS;
				PRODUCT_NAME = "$(TARGET_NAME)";
			};
			name = Debug;
		};
		8B1426EA1D6613CF002D3CEB /* Release */ = {
			isa = XCBuildConfiguration;
			buildSettings = {
				ASSETCATALOG_COMPILER_APPICON_NAME = AppIcon;
				INFOPLIST_FILE = LGS/Info.plist;
				LD_RUNPATH_SEARCH_PATHS = "$(inherited) @executable_path/Frameworks";
				PRODUCT_BUNDLE_IDENTIFIER = BOTcompany.LGS;
				PRODUCT_NAME = "$(TARGET_NAME)";
			};
			name = Release;
		};
/* End XCBuildConfiguration section */

/* Begin XCConfigurationList section */
		8B1426CE1D6613CE002D3CEB /* Build configuration list for PBXProject "LGS" */ = {
			isa = XCConfigurationList;
			buildConfigurations = (
				8B1426E61D6613CF002D3CEB /* Debug */,
				8B1426E71D6613CF002D3CEB /* Release */,
			);
			defaultConfigurationIsVisible = 0;
			defaultConfigurationName = Release;
		};
		8B1426E81D6613CF002D3CEB /* Build configuration list for PBXNativeTarget "LGS" */ = {
			isa = XCConfigurationList;
			buildConfigurations = (
				8B1426E91D6613CF002D3CEB /* Debug */,
				8B1426EA1D6613CF002D3CEB /* Release */,
			);
			defaultConfigurationIsVisible = 0;
			defaultConfigurationName = Release;
		};
/* End XCConfigurationList section */

/* Begin XCVersionGroup section */
		8B1426DD1D6613CF002D3CEB /* LGS.xcdatamodeld */ = {
			isa = XCVersionGroup;
			children = (
				8B1426DE1D6613CF002D3CEB /* LGS.xcdatamodel */,
			);
			currentVersion = 8B1426DE1D6613CF002D3CEB /* LGS.xcdatamodel */;
			path = LGS.xcdatamodeld;
			sourceTree = "<group>";
			versionGroupType = wrapper.xcdatamodel;
		};
/* End XCVersionGroup section */
	};
	rootObject = 8B1426CB1D6613CE002D3CEB /* Project object */;
}
