// !$*UTF8*$!
{
	archiveVersion = 1;
	classes = {
	};
	objectVersion = 46;
	objects = {

/* Begin PBXBuildFile section */
		8B1426D71D6613CF002D3CEB /* AppDelegate.swift in Sources */ = {isa = PBXBuildFile; fileRef = 8B1426D61D6613CF002D3CEB /* AppDelegate.swift */; };
		8B1426DC1D6613CF002D3CEB /* Main.storyboard in Resources */ = {isa = PBXBuildFile; fileRef = 8B1426DA1D6613CF002D3CEB /* Main.storyboard */; };
		8B1426DF1D6613CF002D3CEB /* LGS.xcdatamodeld in Sources */ = {isa = PBXBuildFile; fileRef = 8B1426DD1D6613CF002D3CEB /* LGS.xcdatamodeld */; };
		8B1426E11D6613CF002D3CEB /* Assets.xcassets in Resources */ = {isa = PBXBuildFile; fileRef = 8B1426E01D6613CF002D3CEB /* Assets.xcassets */; };
		8B1426E41D6613CF002D3CEB /* LaunchScreen.storyboard in Resources */ = {isa = PBXBuildFile; fileRef = 8B1426E21D6613CF002D3CEB /* LaunchScreen.storyboard */; };
		8B1427011D661786002D3CEB /* TableViewCell.swift in Sources */ = {isa = PBXBuildFile; fileRef = 8B1427001D661786002D3CEB /* TableViewCell.swift */; };
		8B1427051D66198D002D3CEB /* AddDataViewController.swift in Sources */ = {isa = PBXBuildFile; fileRef = 8B1427041D66198D002D3CEB /* AddDataViewController.swift */; };
		8B1EF4C91D6744FB00D918B9 /* CorporateService.swift in Sources */ = {isa = PBXBuildFile; fileRef = 8B1EF4C81D6744FB00D918B9 /* CorporateService.swift */; };
		8B1EF4D21D67A78500D918B9 /* Leadership.swift in Sources */ = {isa = PBXBuildFile; fileRef = 8B1EF4CE1D67A78500D918B9 /* Leadership.swift */; };
		8B1EF4D31D67A78500D918B9 /* Bookkeeping.swift in Sources */ = {isa = PBXBuildFile; fileRef = 8B1EF4CF1D67A78500D918B9 /* Bookkeeping.swift */; };
		8B1EF4D41D67A78500D918B9 /* Corporate.swift in Sources */ = {isa = PBXBuildFile; fileRef = 8B1EF4D01D67A78500D918B9 /* Corporate.swift */; };
		8B1EF4D51D67A78500D918B9 /* CoWorker.swift in Sources */ = {isa = PBXBuildFile; fileRef = 8B1EF4D11D67A78500D918B9 /* CoWorker.swift */; };
		8B1EF4D71D67A79300D918B9 /* AddEditView.swift in Sources */ = {isa = PBXBuildFile; fileRef = 8B1EF4D61D67A79300D918B9 /* AddEditView.swift */; };
		8B1EF4DA1D67A7A500D918B9 /* ListViewController.swift in Sources */ = {isa = PBXBuildFile; fileRef = 8B1EF4D81D67A7A500D918B9 /* ListViewController.swift */; };
		8B1EF4DB1D67A7A500D918B9 /* EditDataViewController.swift in Sources */ = {isa = PBXBuildFile; fileRef = 8B1EF4D91D67A7A500D918B9 /* EditDataViewController.swift */; };
		8B1EF4DD1D67AA0400D918B9 /* TableDataSource.swift in Sources */ = {isa = PBXBuildFile; fileRef = 8B1EF4DC1D67AA0400D918B9 /* TableDataSource.swift */; };
		8B3DCFF01D69C50A006E1240 /* PageViewController.swift in Sources */ = {isa = PBXBuildFile; fileRef = 8B3DCFEF1D69C50A006E1240 /* PageViewController.swift */; };
		8B3DCFF21D6A2B88006E1240 /* TableView.swift in Sources */ = {isa = PBXBuildFile; fileRef = 8B3DCFF11D6A2B88006E1240 /* TableView.swift */; };
		8B3DCFF41D6A4CF8006E1240 /* FullScreanView.swift in Sources */ = {isa = PBXBuildFile; fileRef = 8B3DCFF31D6A4CF8006E1240 /* FullScreanView.swift */; };
		8B3DCFF81D6A73DD006E1240 /* image.plist in Resources */ = {isa = PBXBuildFile; fileRef = 8B3DCFF71D6A73DD006E1240 /* image.plist */; };
		8B3DD0021D6B7AEF006E1240 /* ServiceViewController.swift in Sources */ = {isa = PBXBuildFile; fileRef = 8B3DD0011D6B7AEF006E1240 /* ServiceViewController.swift */; };
		8BCD10D01D67B2180082E7F8 /* GalleryViewController.swift in Sources */ = {isa = PBXBuildFile; fileRef = 8BCD10CF1D67B2180082E7F8 /* GalleryViewController.swift */; };
		8BCD10D21D67B28A0082E7F8 /* GalleryView.swift in Sources */ = {isa = PBXBuildFile; fileRef = 8BCD10D11D67B28A0082E7F8 /* GalleryView.swift */; };
		8BCD10DC1D689BD00082E7F8 /* Image.swift in Sources */ = {isa = PBXBuildFile; fileRef = 8BCD10DB1D689BD00082E7F8 /* Image.swift */; };
		8BCD10E01D689D9C0082E7F8 /* CollectionDataSource.swift in Sources */ = {isa = PBXBuildFile; fileRef = 8BCD10DF1D689D9C0082E7F8 /* CollectionDataSource.swift */; };
		8BCD10E61D68C3E70082E7F8 /* FullScreanViewConrtoller.swift in Sources */ = {isa = PBXBuildFile; fileRef = 8BCD10E51D68C3E70082E7F8 /* FullScreanViewConrtoller.swift */; };
		8BCD10E81D69146A0082E7F8 /* ImageCache.swift in Sources */ = {isa = PBXBuildFile; fileRef = 8BCD10E71D69146A0082E7F8 /* ImageCache.swift */; };
		8BCD10EA1D691A470082E7F8 /* CollectionViewCell.swift in Sources */ = {isa = PBXBuildFile; fileRef = 8BCD10E91D691A470082E7F8 /* CollectionViewCell.swift */; };
/* End PBXBuildFile section */

/* Begin PBXFileReference section */
		8B1426D31D6613CE002D3CEB /* LGS.app */ = {isa = PBXFileReference; explicitFileType = wrapper.application; includeInIndex = 0; path = LGS.app; sourceTree = BUILT_PRODUCTS_DIR; };
		8B1426D61D6613CF002D3CEB /* AppDelegate.swift */ = {isa = PBXFileReference; lastKnownFileType = sourcecode.swift; path = AppDelegate.swift; sourceTree = "<group>"; };
		8B1426DB1D6613CF002D3CEB /* Base */ = {isa = PBXFileReference; lastKnownFileType = file.storyboard; name = Base; path = Base.lproj/Main.storyboard; sourceTree = "<group>"; };
		8B1426DE1D6613CF002D3CEB /* LGS.xcdatamodel */ = {isa = PBXFileReference; lastKnownFileType = wrapper.xcdatamodel; path = LGS.xcdatamodel; sourceTree = "<group>"; };
		8B1426E01D6613CF002D3CEB /* Assets.xcassets */ = {isa = PBXFileReference; lastKnownFileType = folder.assetcatalog; path = Assets.xcassets; sourceTree = "<group>"; };
		8B1426E31D6613CF002D3CEB /* Base */ = {isa = PBXFileReference; lastKnownFileType = file.storyboard; name = Base; path = Base.lproj/LaunchScreen.storyboard; sourceTree = "<group>"; };
		8B1426E51D6613CF002D3CEB /* Info.plist */ = {isa = PBXFileReference; lastKnownFileType = text.plist.xml; path = Info.plist; sourceTree = "<group>"; };
		8B1427001D661786002D3CEB /* TableViewCell.swift */ = {isa = PBXFileReference; fileEncoding = 4; lastKnownFileType = sourcecode.swift; name = TableViewCell.swift; path = View/TableViewCell.swift; sourceTree = "<group>"; };
		8B1427041D66198D002D3CEB /* AddDataViewController.swift */ = {isa = PBXFileReference; fileEncoding = 4; lastKnownFileType = sourcecode.swift; name = AddDataViewController.swift; path = Controller/AddDataViewController.swift; sourceTree = "<group>"; };
		8B1EF4C81D6744FB00D918B9 /* CorporateService.swift */ = {isa = PBXFileReference; fileEncoding = 4; lastKnownFileType = sourcecode.swift; path = CorporateService.swift; sourceTree = "<group>"; };
		8B1EF4CE1D67A78500D918B9 /* Leadership.swift */ = {isa = PBXFileReference; fileEncoding = 4; lastKnownFileType = sourcecode.swift; name = Leadership.swift; path = Model/Leadership.swift; sourceTree = "<group>"; };
		8B1EF4CF1D67A78500D918B9 /* Bookkeeping.swift */ = {isa = PBXFileReference; fileEncoding = 4; lastKnownFileType = sourcecode.swift; name = Bookkeeping.swift; path = Model/Bookkeeping.swift; sourceTree = "<group>"; };
		8B1EF4D01D67A78500D918B9 /* Corporate.swift */ = {isa = PBXFileReference; fileEncoding = 4; lastKnownFileType = sourcecode.swift; name = Corporate.swift; path = Model/Corporate.swift; sourceTree = "<group>"; };
		8B1EF4D11D67A78500D918B9 /* CoWorker.swift */ = {isa = PBXFileReference; fileEncoding = 4; lastKnownFileType = sourcecode.swift; name = CoWorker.swift; path = Model/CoWorker.swift; sourceTree = "<group>"; };
		8B1EF4D61D67A79300D918B9 /* AddEditView.swift */ = {isa = PBXFileReference; fileEncoding = 4; lastKnownFileType = sourcecode.swift; name = AddEditView.swift; path = View/AddEditView.swift; sourceTree = "<group>"; };
		8B1EF4D81D67A7A500D918B9 /* ListViewController.swift */ = {isa = PBXFileReference; fileEncoding = 4; lastKnownFileType = sourcecode.swift; name = ListViewController.swift; path = Controller/ListViewController.swift; sourceTree = "<group>"; };
		8B1EF4D91D67A7A500D918B9 /* EditDataViewController.swift */ = {isa = PBXFileReference; fileEncoding = 4; lastKnownFileType = sourcecode.swift; name = EditDataViewController.swift; path = Controller/EditDataViewController.swift; sourceTree = "<group>"; };
		8B1EF4DC1D67AA0400D918B9 /* TableDataSource.swift */ = {isa = PBXFileReference; fileEncoding = 4; lastKnownFileType = sourcecode.swift; path = TableDataSource.swift; sourceTree = "<group>"; };
		8B3DCFEF1D69C50A006E1240 /* PageViewController.swift */ = {isa = PBXFileReference; fileEncoding = 4; lastKnownFileType = sourcecode.swift; name = PageViewController.swift; path = Controller/PageViewController.swift; sourceTree = "<group>"; };
		8B3DCFF11D6A2B88006E1240 /* TableView.swift */ = {isa = PBXFileReference; fileEncoding = 4; lastKnownFileType = sourcecode.swift; name = TableView.swift; path = View/TableView.swift; sourceTree = "<group>"; };
		8B3DCFF31D6A4CF8006E1240 /* FullScreanView.swift */ = {isa = PBXFileReference; fileEncoding = 4; lastKnownFileType = sourcecode.swift; name = FullScreanView.swift; path = View/FullScreanView.swift; sourceTree = "<group>"; };
		8B3DCFF71D6A73DD006E1240 /* image.plist */ = {isa = PBXFileReference; fileEncoding = 4; lastKnownFileType = text.plist.xml; name = image.plist; path = ../image.plist; sourceTree = "<group>"; };
		8B3DD0011D6B7AEF006E1240 /* ServiceViewController.swift */ = {isa = PBXFileReference; fileEncoding = 4; lastKnownFileType = sourcecode.swift; path = ServiceViewController.swift; sourceTree = "<group>"; };
		8BCD10CF1D67B2180082E7F8 /* GalleryViewController.swift */ = {isa = PBXFileReference; fileEncoding = 4; lastKnownFileType = sourcecode.swift; name = GalleryViewController.swift; path = Controller/GalleryViewController.swift; sourceTree = "<group>"; };
		8BCD10D11D67B28A0082E7F8 /* GalleryView.swift */ = {isa = PBXFileReference; fileEncoding = 4; lastKnownFileType = sourcecode.swift; name = GalleryView.swift; path = View/GalleryView.swift; sourceTree = "<group>"; };
		8BCD10DB1D689BD00082E7F8 /* Image.swift */ = {isa = PBXFileReference; fileEncoding = 4; lastKnownFileType = sourcecode.swift; path = Image.swift; sourceTree = "<group>"; };
		8BCD10DF1D689D9C0082E7F8 /* CollectionDataSource.swift */ = {isa = PBXFileReference; fileEncoding = 4; lastKnownFileType = sourcecode.swift; path = CollectionDataSource.swift; sourceTree = "<group>"; };
		8BCD10E51D68C3E70082E7F8 /* FullScreanViewConrtoller.swift */ = {isa = PBXFileReference; fileEncoding = 4; lastKnownFileType = sourcecode.swift; name = FullScreanViewConrtoller.swift; path = View/FullScreanViewConrtoller.swift; sourceTree = "<group>"; };
		8BCD10E71D69146A0082E7F8 /* ImageCache.swift */ = {isa = PBXFileReference; fileEncoding = 4; lastKnownFileType = sourcecode.swift; path = ImageCache.swift; sourceTree = "<group>"; };
		8BCD10E91D691A470082E7F8 /* CollectionViewCell.swift */ = {isa = PBXFileReference; fileEncoding = 4; lastKnownFileType = sourcecode.swift; name = CollectionViewCell.swift; path = View/CollectionViewCell.swift; sourceTree = "<group>"; };
/* End PBXFileReference section */

/* Begin PBXFrameworksBuildPhase section */
		8B1426D01D6613CE002D3CEB /* Frameworks */ = {
			isa = PBXFrameworksBuildPhase;
			buildActionMask = 2147483647;
			files = (
			);
			runOnlyForDeploymentPostprocessing = 0;
		};
/* End PBXFrameworksBuildPhase section */

/* Begin PBXGroup section */
		8B1426CA1D6613CE002D3CEB = {
			isa = PBXGroup;
			children = (
				8B1426D51D6613CF002D3CEB /* LGS */,
				8B1426D41D6613CE002D3CEB /* Products */,
			);
			sourceTree = "<group>";
		};
		8B1426D41D6613CE002D3CEB /* Products */ = {
			isa = PBXGroup;
			children = (
				8B1426D31D6613CE002D3CEB /* LGS.app */,
			);
			name = Products;
			sourceTree = "<group>";
		};
		8B1426D51D6613CF002D3CEB /* LGS */ = {
			isa = PBXGroup;
			children = (
				8B1426FB1D66164E002D3CEB /* Model */,
				8B1426FD1D66171E002D3CEB /* View */,
				8B1426FE1D661722002D3CEB /* Controller */,
				8B1426FF1D66172C002D3CEB /* DataSource */,
				8B1426D61D6613CF002D3CEB /* AppDelegate.swift */,
				8BCD10E71D69146A0082E7F8 /* ImageCache.swift */,
				8B1426DA1D6613CF002D3CEB /* Main.storyboard */,
				8B1426E01D6613CF002D3CEB /* Assets.xcassets */,
				8B1426E21D6613CF002D3CEB /* LaunchScreen.storyboard */,
				8B1426E51D6613CF002D3CEB /* Info.plist */,
				8B1426DD1D6613CF002D3CEB /* LGS.xcdatamodeld */,
				8B3DCFF71D6A73DD006E1240 /* image.plist */,
			);
			path = LGS;
			sourceTree = "<group>";
		};
		8B1426FB1D66164E002D3CEB /* Model */ = {
			isa = PBXGroup;
			children = (
				8B3DCFFB1D6A7B60006E1240 /* List */,
				8B3DCFFC1D6A7B79006E1240 /* Gallery */,
			);
			name = Model;
			sourceTree = "<group>";
		};
		8B1426FD1D66171E002D3CEB /* View */ = {
			isa = PBXGroup;
			children = (
				8B3DCFFA1D6A7B42006E1240 /* LIst */,
				8B3DCFFD1D6A7B86006E1240 /* Gallery */,
			);
			name = View;
			sourceTree = "<group>";
		};
		8B1426FE1D661722002D3CEB /* Controller */ = {
			isa = PBXGroup;
			children = (
				8B3DCFF91D6A7B32006E1240 /* List */,
				8B3DCFFE1D6A7B94006E1240 /* Gallery */,
				8B3DD0011D6B7AEF006E1240 /* ServiceViewController.swift */,
			);
			name = Controller;
			sourceTree = "<group>";
		};
		8B1426FF1D66172C002D3CEB /* DataSource */ = {
			isa = PBXGroup;
			children = (
				8B1EF4DC1D67AA0400D918B9 /* TableDataSource.swift */,
				8B1EF4C81D6744FB00D918B9 /* CorporateService.swift */,
				8BCD10DF1D689D9C0082E7F8 /* CollectionDataSource.swift */,
			);
			name = DataSource;
			sourceTree = "<group>";
		};
		8B3DCFF91D6A7B32006E1240 /* List */ = {
			isa = PBXGroup;
			children = (
				8B1EF4D81D67A7A500D918B9 /* ListViewController.swift */,
				8B1EF4D91D67A7A500D918B9 /* EditDataViewController.swift */,
				8B1427041D66198D002D3CEB /* AddDataViewController.swift */,
			);
			name = List;
			sourceTree = "<group>";
		};
		8B3DCFFA1D6A7B42006E1240 /* LIst */ = {
			isa = PBXGroup;
			children = (
				8B1EF4D61D67A79300D918B9 /* AddEditView.swift */,
				8B1427001D661786002D3CEB /* TableViewCell.swift */,
				8B3DCFF11D6A2B88006E1240 /* TableView.swift */,
			);
			name = LIst;
			sourceTree = "<group>";
		};
		8B3DCFFB1D6A7B60006E1240 /* List */ = {
			isa = PBXGroup;
			children = (
				8B1EF4CE1D67A78500D918B9 /* Leadership.swift */,
				8B1EF4CF1D67A78500D918B9 /* Bookkeeping.swift */,
				8B1EF4D01D67A78500D918B9 /* Corporate.swift */,
				8B1EF4D11D67A78500D918B9 /* CoWorker.swift */,
			);
			name = List;
			sourceTree = "<group>";
		};
		8B3DCFFC1D6A7B79006E1240 /* Gallery */ = {
			isa = PBXGroup;
			children = (
				8BCD10DB1D689BD00082E7F8 /* Image.swift */,
			);
			name = Gallery;
			sourceTree = "<group>";
		};
		8B3DCFFD1D6A7B86006E1240 /* Gallery */ = {
			isa = PBXGroup;
			children = (
				8BCD10D11D67B28A0082E7F8 /* GalleryView.swift */,
				8BCD10E91D691A470082E7F8 /* CollectionViewCell.swift */,
				8B3DCFF31D6A4CF8006E1240 /* FullScreanView.swift */,
			);
			name = Gallery;
			sourceTree = "<group>";
		};
		8B3DCFFE1D6A7B94006E1240 /* Gallery */ = {
			isa = PBXGroup;
			children = (
				8BCD10CF1D67B2180082E7F8 /* GalleryViewController.swift */,
				8BCD10E51D68C3E70082E7F8 /* FullScreanViewConrtoller.swift */,
				8B3DCFEF1D69C50A006E1240 /* PageViewController.swift */,
			);
			name = Gallery;
			sourceTree = "<group>";
		};
/* End PBXGroup section */

/* Begin PBXNativeTarget section */
		8B1426D21D6613CE002D3CEB /* LGS */ = {
			isa = PBXNativeTarget;
			buildConfigurationList = 8B1426E81D6613CF002D3CEB /* Build configuration list for PBXNativeTarget "LGS" */;
			buildPhases = (
				8B1426CF1D6613CE002D3CEB /* Sources */,
				8B1426D01D6613CE002D3CEB /* Frameworks */,
				8B1426D11D6613CE002D3CEB /* Resources */,
			);
			buildRules = (
			);
			dependencies = (
			);
			name = LGS;
			productName = LGS;
			productReference = 8B1426D31D6613CE002D3CEB /* LGS.app */;
			productType = "com.apple.product-type.application";
		};
/* End PBXNativeTarget section */

/* Begin PBXProject section */
		8B1426CB1D6613CE002D3CEB /* Project object */ = {
			isa = PBXProject;
			attributes = {
				LastSwiftUpdateCheck = 0730;
				LastUpgradeCheck = 0730;
				ORGANIZATIONNAME = ErikVildanov;
				TargetAttributes = {
					8B1426D21D6613CE002D3CEB = {
						CreatedOnToolsVersion = 7.3.1;
						DevelopmentTeam = D423L8TC7V;
					};
				};
			};
			buildConfigurationList = 8B1426CE1D6613CE002D3CEB /* Build configuration list for PBXProject "LGS" */;
			compatibilityVersion = "Xcode 3.2";
			developmentRegion = English;
			hasScannedForEncodings = 0;
			knownRegions = (
				en,
				Base,
			);
			mainGroup = 8B1426CA1D6613CE002D3CEB;
			productRefGroup = 8B1426D41D6613CE002D3CEB /* Products */;
			projectDirPath = "";
			projectRoot = "";
			targets = (
				8B1426D21D6613CE002D3CEB /* LGS */,
			);
		};
/* End PBXProject section */

/* Begin PBXResourcesBuildPhase section */
		8B1426D11D6613CE002D3CEB /* Resources */ = {
			isa = PBXResourcesBuildPhase;
			buildActionMask = 2147483647;
			files = (
				8B3DCFF81D6A73DD006E1240 /* image.plist in Resources */,
				8B1426E41D6613CF002D3CEB /* LaunchScreen.storyboard in Resources */,
				8B1426E11D6613CF002D3CEB /* Assets.xcassets in Resources */,
				8B1426DC1D6613CF002D3CEB /* Main.storyboard in Resources */,
			);
			runOnlyForDeploymentPostprocessing = 0;
		};
/* End PBXResourcesBuildPhase section */

/* Begin PBXSourcesBuildPhase section */
		8B1426CF1D6613CE002D3CEB /* Sources */ = {
			isa = PBXSourcesBuildPhase;
			buildActionMask = 2147483647;
			files = (
				8B1427011D661786002D3CEB /* TableViewCell.swift in Sources */,
				8BCD10D01D67B2180082E7F8 /* GalleryViewController.swift in Sources */,
				8B1EF4D41D67A78500D918B9 /* Corporate.swift in Sources */,
				8B1EF4D21D67A78500D918B9 /* Leadership.swift in Sources */,
				8B3DCFF41D6A4CF8006E1240 /* FullScreanView.swift in Sources */,
				8BCD10D21D67B28A0082E7F8 /* GalleryView.swift in Sources */,
				8B1EF4D51D67A78500D918B9 /* CoWorker.swift in Sources */,
				8B1EF4D31D67A78500D918B9 /* Bookkeeping.swift in Sources */,
				8B1EF4DA1D67A7A500D918B9 /* ListViewController.swift in Sources */,
				8BCD10E61D68C3E70082E7F8 /* FullScreanViewConrtoller.swift in Sources */,
				8B3DCFF21D6A2B88006E1240 /* TableView.swift in Sources */,
				8BCD10E81D69146A0082E7F8 /* ImageCache.swift in Sources */,
				8BCD10EA1D691A470082E7F8 /* CollectionViewCell.swift in Sources */,
				8B1EF4DD1D67AA0400D918B9 /* TableDataSource.swift in Sources */,
				8B3DD0021D6B7AEF006E1240 /* ServiceViewController.swift in Sources */,
				8BCD10DC1D689BD00082E7F8 /* Image.swift in Sources */,
				8B1427051D66198D002D3CEB /* AddDataViewController.swift in Sources */,
				8B1426DF1D6613CF002D3CEB /* LGS.xcdatamodeld in Sources */,
				8B3DCFF01D69C50A006E1240 /* PageViewController.swift in Sources */,
				8B1EF4D71D67A79300D918B9 /* AddEditView.swift in Sources */,
				8B1EF4DB1D67A7A500D918B9 /* EditDataViewController.swift in Sources */,
				8B1426D71D6613CF002D3CEB /* AppDelegate.swift in Sources */,
				8BCD10E01D689D9C0082E7F8 /* CollectionDataSource.swift in Sources */,
				8B1EF4C91D6744FB00D918B9 /* CorporateService.swift in Sources */,
			);
			runOnlyForDeploymentPostprocessing = 0;
		};
/* End PBXSourcesBuildPhase section */

/* Begin PBXVariantGroup section */
		8B1426DA1D6613CF002D3CEB /* Main.storyboard */ = {
			isa = PBXVariantGroup;
			children = (
				8B1426DB1D6613CF002D3CEB /* Base */,
			);
			name = Main.storyboard;
			sourceTree = "<group>";
		};
		8B1426E21D6613CF002D3CEB /* LaunchScreen.storyboard */ = {
			isa = PBXVariantGroup;
			children = (
				8B1426E31D6613CF002D3CEB /* Base */,
			);
			name = LaunchScreen.storyboard;
			sourceTree = "<group>";
		};
/* End PBXVariantGroup section */

/* Begin XCBuildConfiguration section */
		8B1426E61D6613CF002D3CEB /* Debug */ = {
			isa = XCBuildConfiguration;
			buildSettings = {
				ALWAYS_SEARCH_USER_PATHS = NO;
				CLANG_ANALYZER_NONNULL = YES;
				CLANG_CXX_LANGUAGE_STANDARD = "gnu++0x";
				CLANG_CXX_LIBRARY = "libc++";
				CLANG_ENABLE_MODULES = YES;
				CLANG_ENABLE_OBJC_ARC = YES;
				CLANG_WARN_BOOL_CONVERSION = YES;
				CLANG_WARN_CONSTANT_CONVERSION = YES;
				CLANG_WARN_DIRECT_OBJC_ISA_USAGE = YES_ERROR;
				CLANG_WARN_EMPTY_BODY = YES;
				CLANG_WARN_ENUM_CONVERSION = YES;
				CLANG_WARN_INT_CONVERSION = YES;
				CLANG_WARN_OBJC_ROOT_CLASS = YES_ERROR;
				CLANG_WARN_UNREACHABLE_CODE = YES;
				CLANG_WARN__DUPLICATE_METHOD_MATCH = YES;
				"CODE_SIGN_IDENTITY[sdk=iphoneos*]" = "iPhone Developer";
				COPY_PHASE_STRIP = NO;
				DEBUG_INFORMATION_FORMAT = dwarf;
				ENABLE_STRICT_OBJC_MSGSEND = YES;
				ENABLE_TESTABILITY = YES;
				GCC_C_LANGUAGE_STANDARD = gnu99;
				GCC_DYNAMIC_NO_PIC = NO;
				GCC_NO_COMMON_BLOCKS = YES;
				GCC_OPTIMIZATION_LEVEL = 0;
				GCC_PREPROCESSOR_DEFINITIONS = (
					"DEBUG=1",
					"$(inherited)",
				);
				GCC_WARN_64_TO_32_BIT_CONVERSION = YES;
				GCC_WARN_ABOUT_RETURN_TYPE = YES_ERROR;
				GCC_WARN_UNDECLARED_SELECTOR = YES;
				GCC_WARN_UNINITIALIZED_AUTOS = YES_AGGRESSIVE;
				GCC_WARN_UNUSED_FUNCTION = YES;
				GCC_WARN_UNUSED_VARIABLE = YES;
				IPHONEOS_DEPLOYMENT_TARGET = 9.3;
				MTL_ENABLE_DEBUG_INFO = YES;
				ONLY_ACTIVE_ARCH = YES;
				SDKROOT = iphoneos;
				SWIFT_OPTIMIZATION_LEVEL = "-Onone";
			};
			name = Debug;
		};
		8B1426E71D6613CF002D3CEB /* Release */ = {
			isa = XCBuildConfiguration;
			buildSettings = {
				ALWAYS_SEARCH_USER_PATHS = NO;
				CLANG_ANALYZER_NONNULL = YES;
				CLANG_CXX_LANGUAGE_STANDARD = "gnu++0x";
				CLANG_CXX_LIBRARY = "libc++";
				CLANG_ENABLE_MODULES = YES;
				CLANG_ENABLE_OBJC_ARC = YES;
				CLANG_WARN_BOOL_CONVERSION = YES;
				CLANG_WARN_CONSTANT_CONVERSION = YES;
				CLANG_WARN_DIRECT_OBJC_ISA_USAGE = YES_ERROR;
				CLANG_WARN_EMPTY_BODY = YES;
				CLANG_WARN_ENUM_CONVERSION = YES;
				CLANG_WARN_INT_CONVERSION = YES;
				CLANG_WARN_OBJC_ROOT_CLASS = YES_ERROR;
				CLANG_WARN_UNREACHABLE_CODE = YES;
				CLANG_WARN__DUPLICATE_METHOD_MATCH = YES;
				"CODE_SIGN_IDENTITY[sdk=iphoneos*]" = "iPhone Developer";
				COPY_PHASE_STRIP = NO;
				DEBUG_INFORMATION_FORMAT = "dwarf-with-dsym";
				ENABLE_NS_ASSERTIONS = NO;
				ENABLE_STRICT_OBJC_MSGSEND = YES;
				GCC_C_LANGUAGE_STANDARD = gnu99;
				GCC_NO_COMMON_BLOCKS = YES;
				GCC_WARN_64_TO_32_BIT_CONVERSION = YES;
				GCC_WARN_ABOUT_RETURN_TYPE = YES_ERROR;
				GCC_WARN_UNDECLARED_SELECTOR = YES;
				GCC_WARN_UNINITIALIZED_AUTOS = YES_AGGRESSIVE;
				GCC_WARN_UNUSED_FUNCTION = YES;
				GCC_WARN_UNUSED_VARIABLE = YES;
				IPHONEOS_DEPLOYMENT_TARGET = 9.3;
				MTL_ENABLE_DEBUG_INFO = NO;
				SDKROOT = iphoneos;
				VALIDATE_PRODUCT = YES;
			};
			name = Release;
		};
		8B1426E91D6613CF002D3CEB /* Debug */ = {
			isa = XCBuildConfiguration;
			buildSettings = {
				ASSETCATALOG_COMPILER_APPICON_NAME = AppIcon;
				INFOPLIST_FILE = LGS/Info.plist;
				LD_RUNPATH_SEARCH_PATHS = "$(inherited) @executable_path/Frameworks";
				PRODUCT_BUNDLE_IDENTIFIER = BOTcompany.LGS;
				PRODUCT_NAME = "$(TARGET_NAME)";
			};
			name = Debug;
		};
		8B1426EA1D6613CF002D3CEB /* Release */ = {
			isa = XCBuildConfiguration;
			buildSettings = {
				ASSETCATALOG_COMPILER_APPICON_NAME = AppIcon;
				INFOPLIST_FILE = LGS/Info.plist;
				LD_RUNPATH_SEARCH_PATHS = "$(inherited) @executable_path/Frameworks";
				PRODUCT_BUNDLE_IDENTIFIER = BOTcompany.LGS;
				PRODUCT_NAME = "$(TARGET_NAME)";
			};
			name = Release;
		};
/* End XCBuildConfiguration section */

/* Begin XCConfigurationList section */
		8B1426CE1D6613CE002D3CEB /* Build configuration list for PBXProject "LGS" */ = {
			isa = XCConfigurationList;
			buildConfigurations = (
				8B1426E61D6613CF002D3CEB /* Debug */,
				8B1426E71D6613CF002D3CEB /* Release */,
			);
			defaultConfigurationIsVisible = 0;
			defaultConfigurationName = Release;
		};
		8B1426E81D6613CF002D3CEB /* Build configuration list for PBXNativeTarget "LGS" */ = {
			isa = XCConfigurationList;
			buildConfigurations = (
				8B1426E91D6613CF002D3CEB /* Debug */,
				8B1426EA1D6613CF002D3CEB /* Release */,
			);
			defaultConfigurationIsVisible = 0;
			defaultConfigurationName = Release;
		};
/* End XCConfigurationList section */

/* Begin XCVersionGroup section */
		8B1426DD1D6613CF002D3CEB /* LGS.xcdatamodeld */ = {
			isa = XCVersionGroup;
			children = (
				8B1426DE1D6613CF002D3CEB /* LGS.xcdatamodel */,
			);
			currentVersion = 8B1426DE1D6613CF002D3CEB /* LGS.xcdatamodel */;
			path = LGS.xcdatamodeld;
			sourceTree = "<group>";
			versionGroupType = wrapper.xcdatamodel;
		};
/* End XCVersionGroup section */
	};
	rootObject = 8B1426CB1D6613CE002D3CEB /* Project object */;
}
